// !$*UTF8*$!
{
	archiveVersion = 1;
	classes = {
	};
	objectVersion = 46;
	objects = {

/* Begin PBXGroup section */
		13DC297A1EB9D59A0027B45D = {
			isa = PBXGroup;
			children = (
			);
			sourceTree = "<group>";
		};
/* End PBXGroup section */

/* Begin PBXProject section */
		13DC297B1EB9D59A0027B45D /* Project object */ = {
			isa = PBXProject;
			attributes = {
				LastUpgradeCheck = 0830;
			};
			buildConfigurationList = 13DC297E1EB9D59A0027B45D /* Build configuration list for PBXProject "FLOJSONObject" */;
			compatibilityVersion = "Xcode 3.2";
			developmentRegion = English;
			hasScannedForEncodings = 0;
			knownRegions = (
				en,
			);
			mainGroup = 13DC297A1EB9D59A0027B45D;
			projectDirPath = "";
			projectRoot = "";
			targets = (
			);
		};
/* End PBXProject section */

/* Begin XCBuildConfiguration section */
		13DC297F1EB9D59A0027B45D /* Debug */ = {
			isa = XCBuildConfiguration;
			buildSettings = {
			};
			name = Debug;
		};
		13DC29801EB9D59A0027B45D /* Release */ = {
			isa = XCBuildConfiguration;
			buildSettings = {
			};
			name = Release;
		};
/* End XCBuildConfiguration section */

/* Begin XCConfigurationList section */
		13DC297E1EB9D59A0027B45D /* Build configuration list for PBXProject "FLOJSONObject" */ = {
			isa = XCConfigurationList;
			buildConfigurations = (
				13DC297F1EB9D59A0027B45D /* Debug */,
				13DC29801EB9D59A0027B45D /* Release */,
			);
			defaultConfigurationIsVisible = 0;
			defaultConfigurationName = Release;
		};
/* End XCConfigurationList section */
	};
	rootObject = 13DC297B1EB9D59A0027B45D /* Project object */;
}
