// !$*UTF8*$!
{
	archiveVersion = 1;
	classes = {
	};
	objectVersion = 46;
	objects = {

/* Begin PBXBuildFile section */
		1374EB681EBA076500C8E6A7 /* FLOJSONObject.m in Sources */ = {isa = PBXBuildFile; fileRef = 1374EB661EBA064100C8E6A7 /* FLOJSONObject.m */; };
		13DC29891EB9D5F80027B45D /* FLOJSONObjectTests.m in Sources */ = {isa = PBXBuildFile; fileRef = 13DC29881EB9D5F80027B45D /* FLOJSONObjectTests.m */; };
/* End PBXBuildFile section */

/* Begin PBXFileReference section */
		1374EB651EBA064100C8E6A7 /* FLOJSONObject.h */ = {isa = PBXFileReference; fileEncoding = 4; lastKnownFileType = sourcecode.c.h; path = FLOJSONObject.h; sourceTree = "<group>"; };
		1374EB661EBA064100C8E6A7 /* FLOJSONObject.m */ = {isa = PBXFileReference; fileEncoding = 4; lastKnownFileType = sourcecode.c.objc; path = FLOJSONObject.m; sourceTree = "<group>"; };
		13DC29851EB9D5F70027B45D /* FLOJSONObject-Tests.xctest */ = {isa = PBXFileReference; explicitFileType = wrapper.cfbundle; includeInIndex = 0; path = "FLOJSONObject-Tests.xctest"; sourceTree = BUILT_PRODUCTS_DIR; };
		13DC29881EB9D5F80027B45D /* FLOJSONObjectTests.m */ = {isa = PBXFileReference; lastKnownFileType = sourcecode.c.objc; path = FLOJSONObjectTests.m; sourceTree = "<group>"; };
		13DC298A1EB9D5F80027B45D /* Info.plist */ = {isa = PBXFileReference; lastKnownFileType = text.plist.xml; path = Info.plist; sourceTree = "<group>"; };
/* End PBXFileReference section */

/* Begin PBXFrameworksBuildPhase section */
		13DC29821EB9D5F70027B45D /* Frameworks */ = {
			isa = PBXFrameworksBuildPhase;
			buildActionMask = 2147483647;
			files = (
			);
			runOnlyForDeploymentPostprocessing = 0;
		};
/* End PBXFrameworksBuildPhase section */

/* Begin PBXGroup section */
		1374EB641EBA062800C8E6A7 /* Source */ = {
			isa = PBXGroup;
			children = (
				1374EB651EBA064100C8E6A7 /* FLOJSONObject.h */,
				1374EB661EBA064100C8E6A7 /* FLOJSONObject.m */,
			);
			path = Source;
			sourceTree = "<group>";
		};
		13DC297A1EB9D59A0027B45D = {
			isa = PBXGroup;
			children = (
				1374EB641EBA062800C8E6A7 /* Source */,
				13DC29871EB9D5F70027B45D /* FLOJSONObject-Tests */,
				13DC29861EB9D5F70027B45D /* Products */,
			);
			sourceTree = "<group>";
		};
		13DC29861EB9D5F70027B45D /* Products */ = {
			isa = PBXGroup;
			children = (
				13DC29851EB9D5F70027B45D /* FLOJSONObject-Tests.xctest */,
			);
			name = Products;
			sourceTree = "<group>";
		};
		13DC29871EB9D5F70027B45D /* FLOJSONObject-Tests */ = {
			isa = PBXGroup;
			children = (
				13DC29881EB9D5F80027B45D /* FLOJSONObjectTests.m */,
				13DC298A1EB9D5F80027B45D /* Info.plist */,
			);
			path = "FLOJSONObject-Tests";
			sourceTree = "<group>";
		};
/* End PBXGroup section */

/* Begin PBXNativeTarget section */
		13DC29841EB9D5F70027B45D /* FLOJSONObject-Tests */ = {
			isa = PBXNativeTarget;
			buildConfigurationList = 13DC298B1EB9D5F80027B45D /* Build configuration list for PBXNativeTarget "FLOJSONObject-Tests" */;
			buildPhases = (
				13DC29811EB9D5F70027B45D /* Sources */,
				13DC29821EB9D5F70027B45D /* Frameworks */,
				13DC29831EB9D5F70027B45D /* Resources */,
			);
			buildRules = (
			);
			dependencies = (
			);
			name = "FLOJSONObject-Tests";
			productName = "FLOJSONObject-Tests";
			productReference = 13DC29851EB9D5F70027B45D /* FLOJSONObject-Tests.xctest */;
			productType = "com.apple.product-type.bundle.unit-test";
		};
/* End PBXNativeTarget section */

/* Begin PBXProject section */
		13DC297B1EB9D59A0027B45D /* Project object */ = {
			isa = PBXProject;
			attributes = {
				LastUpgradeCheck = 0830;
				TargetAttributes = {
					13DC29841EB9D5F70027B45D = {
						CreatedOnToolsVersion = 8.3.2;
						ProvisioningStyle = Automatic;
					};
				};
			};
			buildConfigurationList = 13DC297E1EB9D59A0027B45D /* Build configuration list for PBXProject "FLOJSONObject" */;
			compatibilityVersion = "Xcode 3.2";
			developmentRegion = English;
			hasScannedForEncodings = 0;
			knownRegions = (
				en,
			);
			mainGroup = 13DC297A1EB9D59A0027B45D;
			productRefGroup = 13DC29861EB9D5F70027B45D /* Products */;
			projectDirPath = "";
			projectRoot = "";
			targets = (
				13DC29841EB9D5F70027B45D /* FLOJSONObject-Tests */,
			);
		};
/* End PBXProject section */

/* Begin PBXResourcesBuildPhase section */
		13DC29831EB9D5F70027B45D /* Resources */ = {
			isa = PBXResourcesBuildPhase;
			buildActionMask = 2147483647;
			files = (
			);
			runOnlyForDeploymentPostprocessing = 0;
		};
/* End PBXResourcesBuildPhase section */

/* Begin PBXSourcesBuildPhase section */
		13DC29811EB9D5F70027B45D /* Sources */ = {
			isa = PBXSourcesBuildPhase;
			buildActionMask = 2147483647;
			files = (
				1374EB681EBA076500C8E6A7 /* FLOJSONObject.m in Sources */,
				13DC29891EB9D5F80027B45D /* FLOJSONObjectTests.m in Sources */,
			);
			runOnlyForDeploymentPostprocessing = 0;
		};
/* End PBXSourcesBuildPhase section */

/* Begin XCBuildConfiguration section */
		13DC297F1EB9D59A0027B45D /* Debug */ = {
			isa = XCBuildConfiguration;
			buildSettings = {
			};
			name = Debug;
		};
		13DC29801EB9D59A0027B45D /* Release */ = {
			isa = XCBuildConfiguration;
			buildSettings = {
			};
			name = Release;
		};
		13DC298C1EB9D5F80027B45D /* Debug */ = {
			isa = XCBuildConfiguration;
			buildSettings = {
				ALWAYS_SEARCH_USER_PATHS = NO;
				CLANG_ANALYZER_NONNULL = YES;
				CLANG_ANALYZER_NUMBER_OBJECT_CONVERSION = YES_AGGRESSIVE;
				CLANG_CXX_LANGUAGE_STANDARD = "gnu++0x";
				CLANG_CXX_LIBRARY = "libc++";
				CLANG_ENABLE_MODULES = YES;
				CLANG_ENABLE_OBJC_ARC = YES;
				CLANG_WARN_BOOL_CONVERSION = YES;
				CLANG_WARN_CONSTANT_CONVERSION = YES;
				CLANG_WARN_DIRECT_OBJC_ISA_USAGE = YES_ERROR;
				CLANG_WARN_DOCUMENTATION_COMMENTS = YES;
				CLANG_WARN_EMPTY_BODY = YES;
				CLANG_WARN_ENUM_CONVERSION = YES;
				CLANG_WARN_INFINITE_RECURSION = YES;
				CLANG_WARN_INT_CONVERSION = YES;
				CLANG_WARN_OBJC_ROOT_CLASS = YES_ERROR;
				CLANG_WARN_SUSPICIOUS_MOVE = YES;
				CLANG_WARN_UNREACHABLE_CODE = YES;
				CLANG_WARN__DUPLICATE_METHOD_MATCH = YES;
				CODE_SIGN_IDENTITY = "-";
				COMBINE_HIDPI_IMAGES = YES;
				COPY_PHASE_STRIP = NO;
				DEBUG_INFORMATION_FORMAT = dwarf;
				ENABLE_STRICT_OBJC_MSGSEND = YES;
				ENABLE_TESTABILITY = YES;
				GCC_C_LANGUAGE_STANDARD = gnu99;
				GCC_DYNAMIC_NO_PIC = NO;
				GCC_NO_COMMON_BLOCKS = YES;
				GCC_OPTIMIZATION_LEVEL = 0;
				GCC_PREPROCESSOR_DEFINITIONS = (
					"DEBUG=1",
					"$(inherited)",
				);
				GCC_WARN_64_TO_32_BIT_CONVERSION = YES;
				GCC_WARN_ABOUT_RETURN_TYPE = YES_ERROR;
				GCC_WARN_UNDECLARED_SELECTOR = YES;
				GCC_WARN_UNINITIALIZED_AUTOS = YES_AGGRESSIVE;
				GCC_WARN_UNUSED_FUNCTION = YES;
				GCC_WARN_UNUSED_VARIABLE = YES;
				HEADER_SEARCH_PATHS = "";
				INFOPLIST_FILE = "FLOJSONObject-Tests/Info.plist";
				LD_RUNPATH_SEARCH_PATHS = "$(inherited) @executable_path/../Frameworks @loader_path/../Frameworks";
				MACOSX_DEPLOYMENT_TARGET = 10.12;
				MTL_ENABLE_DEBUG_INFO = YES;
				ONLY_ACTIVE_ARCH = YES;
				PRODUCT_BUNDLE_IDENTIFIER = "com.floschliep.FLOJSONObject-Tests";
				PRODUCT_NAME = "$(TARGET_NAME)";
				SDKROOT = macosx;
				USER_HEADER_SEARCH_PATHS = "";
			};
			name = Debug;
		};
		13DC298D1EB9D5F80027B45D /* Release */ = {
			isa = XCBuildConfiguration;
			buildSettings = {
				ALWAYS_SEARCH_USER_PATHS = NO;
				CLANG_ANALYZER_NONNULL = YES;
				CLANG_ANALYZER_NUMBER_OBJECT_CONVERSION = YES_AGGRESSIVE;
				CLANG_CXX_LANGUAGE_STANDARD = "gnu++0x";
				CLANG_CXX_LIBRARY = "libc++";
				CLANG_ENABLE_MODULES = YES;
				CLANG_ENABLE_OBJC_ARC = YES;
				CLANG_WARN_BOOL_CONVERSION = YES;
				CLANG_WARN_CONSTANT_CONVERSION = YES;
				CLANG_WARN_DIRECT_OBJC_ISA_USAGE = YES_ERROR;
				CLANG_WARN_DOCUMENTATION_COMMENTS = YES;
				CLANG_WARN_EMPTY_BODY = YES;
				CLANG_WARN_ENUM_CONVERSION = YES;
				CLANG_WARN_INFINITE_RECURSION = YES;
				CLANG_WARN_INT_CONVERSION = YES;
				CLANG_WARN_OBJC_ROOT_CLASS = YES_ERROR;
				CLANG_WARN_SUSPICIOUS_MOVE = YES;
				CLANG_WARN_UNREACHABLE_CODE = YES;
				CLANG_WARN__DUPLICATE_METHOD_MATCH = YES;
				CODE_SIGN_IDENTITY = "-";
				COMBINE_HIDPI_IMAGES = YES;
				COPY_PHASE_STRIP = NO;
				DEBUG_INFORMATION_FORMAT = "dwarf-with-dsym";
				ENABLE_NS_ASSERTIONS = NO;
				ENABLE_STRICT_OBJC_MSGSEND = YES;
				GCC_C_LANGUAGE_STANDARD = gnu99;
				GCC_NO_COMMON_BLOCKS = YES;
				GCC_WARN_64_TO_32_BIT_CONVERSION = YES;
				GCC_WARN_ABOUT_RETURN_TYPE = YES_ERROR;
				GCC_WARN_UNDECLARED_SELECTOR = YES;
				GCC_WARN_UNINITIALIZED_AUTOS = YES_AGGRESSIVE;
				GCC_WARN_UNUSED_FUNCTION = YES;
				GCC_WARN_UNUSED_VARIABLE = YES;
				HEADER_SEARCH_PATHS = "";
				INFOPLIST_FILE = "FLOJSONObject-Tests/Info.plist";
				LD_RUNPATH_SEARCH_PATHS = "$(inherited) @executable_path/../Frameworks @loader_path/../Frameworks";
				MACOSX_DEPLOYMENT_TARGET = 10.12;
				MTL_ENABLE_DEBUG_INFO = NO;
				PRODUCT_BUNDLE_IDENTIFIER = "com.floschliep.FLOJSONObject-Tests";
				PRODUCT_NAME = "$(TARGET_NAME)";
				SDKROOT = macosx;
				USER_HEADER_SEARCH_PATHS = "";
			};
			name = Release;
		};
/* End XCBuildConfiguration section */

/* Begin XCConfigurationList section */
		13DC297E1EB9D59A0027B45D /* Build configuration list for PBXProject "FLOJSONObject" */ = {
			isa = XCConfigurationList;
			buildConfigurations = (
				13DC297F1EB9D59A0027B45D /* Debug */,
				13DC29801EB9D59A0027B45D /* Release */,
			);
			defaultConfigurationIsVisible = 0;
			defaultConfigurationName = Release;
		};
		13DC298B1EB9D5F80027B45D /* Build configuration list for PBXNativeTarget "FLOJSONObject-Tests" */ = {
			isa = XCConfigurationList;
			buildConfigurations = (
				13DC298C1EB9D5F80027B45D /* Debug */,
				13DC298D1EB9D5F80027B45D /* Release */,
			);
			defaultConfigurationIsVisible = 0;
			defaultConfigurationName = Release;
		};
/* End XCConfigurationList section */
	};
	rootObject = 13DC297B1EB9D59A0027B45D /* Project object */;
}
